
Microsoft Visual Studio Solution File, Format Version 12.00
# Visual Studio Version 16
VisualStudioVersion = 16.0.29609.76
MinimumVisualStudioVersion = 10.0.40219.1
Project("{FAE04EC0-301F-11D3-BF4B-00C04F79EFBC}") = "BeautySaloonAPI", "BeautySaloonAPI\BeautySaloonAPI.csproj", "{B0936513-5139-4841-B6D9-45068A0CEC82}"
EndProject
Global
	GlobalSection(SolutionConfigurationPlatforms) = preSolution
		Debug|Any CPU = Debug|Any CPU
		Release|Any CPU = Release|Any CPU
	EndGlobalSection
	GlobalSection(ProjectConfigurationPlatforms) = postSolution
		{B0936513-5139-4841-B6D9-45068A0CEC82}.Debug|Any CPU.ActiveCfg = Debug|Any CPU
		{B0936513-5139-4841-B6D9-45068A0CEC82}.Debug|Any CPU.Build.0 = Debug|Any CPU
		{B0936513-5139-4841-B6D9-45068A0CEC82}.Release|Any CPU.ActiveCfg = Release|Any CPU
		{B0936513-5139-4841-B6D9-45068A0CEC82}.Release|Any CPU.Build.0 = Release|Any CPU
	EndGlobalSection
	GlobalSection(SolutionProperties) = preSolution
		HideSolutionNode = FALSE
	EndGlobalSection
	GlobalSection(ExtensibilityGlobals) = postSolution
		SolutionGuid = {4751399C-25D3-40A4-8B51-63920EBF3EC8}
	EndGlobalSection
EndGlobal
